// !$*UTF8*$!
{
	archiveVersion = 1;
	classes = {
	};
	objectVersion = 46;
	objects = {

/* Begin PBXBuildFile section */
		E757C6CB1D16C0950091DC85 /* AppDelegate.swift in Sources */ = {isa = PBXBuildFile; fileRef = E757C6CA1D16C0950091DC85 /* AppDelegate.swift */; };
		E757C6D01D16C0950091DC85 /* Main.storyboard in Resources */ = {isa = PBXBuildFile; fileRef = E757C6CE1D16C0950091DC85 /* Main.storyboard */; };
		E757C6D21D16C0950091DC85 /* Assets.xcassets in Resources */ = {isa = PBXBuildFile; fileRef = E757C6D11D16C0950091DC85 /* Assets.xcassets */; };
		E757C6D51D16C0950091DC85 /* LaunchScreen.storyboard in Resources */ = {isa = PBXBuildFile; fileRef = E757C6D31D16C0950091DC85 /* LaunchScreen.storyboard */; };
		E757C6DD1D16CAC40091DC85 /* MainTableViewController.swift in Sources */ = {isa = PBXBuildFile; fileRef = E757C6DC1D16CAC40091DC85 /* MainTableViewController.swift */; };
		E757C6DF1D16CD850091DC85 /* DetailViewController.swift in Sources */ = {isa = PBXBuildFile; fileRef = E757C6DE1D16CD850091DC85 /* DetailViewController.swift */; };
		E757C6E11D16CF980091DC85 /* ExpandingCellTransition.swift in Sources */ = {isa = PBXBuildFile; fileRef = E757C6E01D16CF980091DC85 /* ExpandingCellTransition.swift */; };
/* End PBXBuildFile section */

/* Begin PBXFileReference section */
		E757C6C71D16C0950091DC85 /* Inbox-Fake.app */ = {isa = PBXFileReference; explicitFileType = wrapper.application; includeInIndex = 0; path = "Inbox-Fake.app"; sourceTree = BUILT_PRODUCTS_DIR; };
		E757C6CA1D16C0950091DC85 /* AppDelegate.swift */ = {isa = PBXFileReference; lastKnownFileType = sourcecode.swift; path = AppDelegate.swift; sourceTree = "<group>"; };
		E757C6CF1D16C0950091DC85 /* Base */ = {isa = PBXFileReference; lastKnownFileType = file.storyboard; name = Base; path = Base.lproj/Main.storyboard; sourceTree = "<group>"; };
		E757C6D11D16C0950091DC85 /* Assets.xcassets */ = {isa = PBXFileReference; lastKnownFileType = folder.assetcatalog; path = Assets.xcassets; sourceTree = "<group>"; };
		E757C6D41D16C0950091DC85 /* Base */ = {isa = PBXFileReference; lastKnownFileType = file.storyboard; name = Base; path = Base.lproj/LaunchScreen.storyboard; sourceTree = "<group>"; };
		E757C6D61D16C0950091DC85 /* Info.plist */ = {isa = PBXFileReference; lastKnownFileType = text.plist.xml; path = Info.plist; sourceTree = "<group>"; };
		E757C6DC1D16CAC40091DC85 /* MainTableViewController.swift */ = {isa = PBXFileReference; fileEncoding = 4; lastKnownFileType = sourcecode.swift; path = MainTableViewController.swift; sourceTree = "<group>"; };
		E757C6DE1D16CD850091DC85 /* DetailViewController.swift */ = {isa = PBXFileReference; fileEncoding = 4; lastKnownFileType = sourcecode.swift; path = DetailViewController.swift; sourceTree = "<group>"; };
		E757C6E01D16CF980091DC85 /* ExpandingCellTransition.swift */ = {isa = PBXFileReference; fileEncoding = 4; lastKnownFileType = sourcecode.swift; path = ExpandingCellTransition.swift; sourceTree = "<group>"; };
/* End PBXFileReference section */

/* Begin PBXFrameworksBuildPhase section */
		E757C6C41D16C0950091DC85 /* Frameworks */ = {
			isa = PBXFrameworksBuildPhase;
			buildActionMask = 2147483647;
			files = (
			);
			runOnlyForDeploymentPostprocessing = 0;
		};
/* End PBXFrameworksBuildPhase section */

/* Begin PBXGroup section */
		E757C6BE1D16C0950091DC85 = {
			isa = PBXGroup;
			children = (
				E757C6C91D16C0950091DC85 /* Inbox-Fake */,
				E757C6C81D16C0950091DC85 /* Products */,
			);
			sourceTree = "<group>";
		};
		E757C6C81D16C0950091DC85 /* Products */ = {
			isa = PBXGroup;
			children = (
				E757C6C71D16C0950091DC85 /* Inbox-Fake.app */,
			);
			name = Products;
			sourceTree = "<group>";
		};
		E757C6C91D16C0950091DC85 /* Inbox-Fake */ = {
			isa = PBXGroup;
			children = (
				E757C6CA1D16C0950091DC85 /* AppDelegate.swift */,
				E757C6CE1D16C0950091DC85 /* Main.storyboard */,
				E757C6DC1D16CAC40091DC85 /* MainTableViewController.swift */,
				E757C6DE1D16CD850091DC85 /* DetailViewController.swift */,
				E757C6E01D16CF980091DC85 /* ExpandingCellTransition.swift */,
				E757C6D11D16C0950091DC85 /* Assets.xcassets */,
				E757C6D31D16C0950091DC85 /* LaunchScreen.storyboard */,
				E757C6D61D16C0950091DC85 /* Info.plist */,
			);
			path = "Inbox-Fake";
			sourceTree = "<group>";
		};
/* End PBXGroup section */

/* Begin PBXNativeTarget section */
		E757C6C61D16C0950091DC85 /* Inbox-Fake */ = {
			isa = PBXNativeTarget;
			buildConfigurationList = E757C6D91D16C0950091DC85 /* Build configuration list for PBXNativeTarget "Inbox-Fake" */;
			buildPhases = (
				E757C6C31D16C0950091DC85 /* Sources */,
				E757C6C41D16C0950091DC85 /* Frameworks */,
				E757C6C51D16C0950091DC85 /* Resources */,
			);
			buildRules = (
			);
			dependencies = (
			);
			name = "Inbox-Fake";
			productName = "Inbox-Fake";
			productReference = E757C6C71D16C0950091DC85 /* Inbox-Fake.app */;
			productType = "com.apple.product-type.application";
		};
/* End PBXNativeTarget section */

/* Begin PBXProject section */
		E757C6BF1D16C0950091DC85 /* Project object */ = {
			isa = PBXProject;
			attributes = {
				LastSwiftUpdateCheck = 0730;
				LastUpgradeCheck = 0730;
				ORGANIZATIONNAME = "Miralem Cebic";
				TargetAttributes = {
					E757C6C61D16C0950091DC85 = {
						CreatedOnToolsVersion = 7.3.1;
						DevelopmentTeam = SAR9V7VFQY;
						LastSwiftMigration = 0810;
					};
				};
			};
			buildConfigurationList = E757C6C21D16C0950091DC85 /* Build configuration list for PBXProject "Inbox-Fake" */;
			compatibilityVersion = "Xcode 3.2";
			developmentRegion = English;
			hasScannedForEncodings = 0;
			knownRegions = (
				en,
				Base,
			);
			mainGroup = E757C6BE1D16C0950091DC85;
			productRefGroup = E757C6C81D16C0950091DC85 /* Products */;
			projectDirPath = "";
			projectRoot = "";
			targets = (
				E757C6C61D16C0950091DC85 /* Inbox-Fake */,
			);
		};
/* End PBXProject section */

/* Begin PBXResourcesBuildPhase section */
		E757C6C51D16C0950091DC85 /* Resources */ = {
			isa = PBXResourcesBuildPhase;
			buildActionMask = 2147483647;
			files = (
				E757C6D51D16C0950091DC85 /* LaunchScreen.storyboard in Resources */,
				E757C6D21D16C0950091DC85 /* Assets.xcassets in Resources */,
				E757C6D01D16C0950091DC85 /* Main.storyboard in Resources */,
			);
			runOnlyForDeploymentPostprocessing = 0;
		};
/* End PBXResourcesBuildPhase section */

/* Begin PBXSourcesBuildPhase section */
		E757C6C31D16C0950091DC85 /* Sources */ = {
			isa = PBXSourcesBuildPhase;
			buildActionMask = 2147483647;
			files = (
				E757C6DF1D16CD850091DC85 /* DetailViewController.swift in Sources */,
				E757C6E11D16CF980091DC85 /* ExpandingCellTransition.swift in Sources */,
				E757C6DD1D16CAC40091DC85 /* MainTableViewController.swift in Sources */,
				E757C6CB1D16C0950091DC85 /* AppDelegate.swift in Sources */,
			);
			runOnlyForDeploymentPostprocessing = 0;
		};
/* End PBXSourcesBuildPhase section */

/* Begin PBXVariantGroup section */
		E757C6CE1D16C0950091DC85 /* Main.storyboard */ = {
			isa = PBXVariantGroup;
			children = (
				E757C6CF1D16C0950091DC85 /* Base */,
			);
			name = Main.storyboard;
			sourceTree = "<group>";
		};
		E757C6D31D16C0950091DC85 /* LaunchScreen.storyboard */ = {
			isa = PBXVariantGroup;
			children = (
				E757C6D41D16C0950091DC85 /* Base */,
			);
			name = LaunchScreen.storyboard;
			sourceTree = "<group>";
		};
/* End PBXVariantGroup section */

/* Begin XCBuildConfiguration section */
		E757C6D71D16C0950091DC85 /* Debug */ = {
			isa = XCBuildConfiguration;
			buildSettings = {
				ALWAYS_SEARCH_USER_PATHS = NO;
				CLANG_ANALYZER_NONNULL = YES;
				CLANG_CXX_LANGUAGE_STANDARD = "gnu++0x";
				CLANG_CXX_LIBRARY = "libc++";
				CLANG_ENABLE_MODULES = YES;
				CLANG_ENABLE_OBJC_ARC = YES;
				CLANG_WARN_BOOL_CONVERSION = YES;
				CLANG_WARN_CONSTANT_CONVERSION = YES;
				CLANG_WARN_DIRECT_OBJC_ISA_USAGE = YES_ERROR;
				CLANG_WARN_EMPTY_BODY = YES;
				CLANG_WARN_ENUM_CONVERSION = YES;
				CLANG_WARN_INT_CONVERSION = YES;
				CLANG_WARN_OBJC_ROOT_CLASS = YES_ERROR;
				CLANG_WARN_UNREACHABLE_CODE = YES;
				CLANG_WARN__DUPLICATE_METHOD_MATCH = YES;
				"CODE_SIGN_IDENTITY[sdk=iphoneos*]" = "iPhone Developer";
				COPY_PHASE_STRIP = NO;
				DEBUG_INFORMATION_FORMAT = dwarf;
				ENABLE_STRICT_OBJC_MSGSEND = YES;
				ENABLE_TESTABILITY = YES;
				GCC_C_LANGUAGE_STANDARD = gnu99;
				GCC_DYNAMIC_NO_PIC = NO;
				GCC_NO_COMMON_BLOCKS = YES;
				GCC_OPTIMIZATION_LEVEL = 0;
				GCC_PREPROCESSOR_DEFINITIONS = (
					"DEBUG=1",
					"$(inherited)",
				);
				GCC_WARN_64_TO_32_BIT_CONVERSION = YES;
				GCC_WARN_ABOUT_RETURN_TYPE = YES_ERROR;
				GCC_WARN_UNDECLARED_SELECTOR = YES;
				GCC_WARN_UNINITIALIZED_AUTOS = YES_AGGRESSIVE;
				GCC_WARN_UNUSED_FUNCTION = YES;
				GCC_WARN_UNUSED_VARIABLE = YES;
				IPHONEOS_DEPLOYMENT_TARGET = 9.3;
				MTL_ENABLE_DEBUG_INFO = YES;
				ONLY_ACTIVE_ARCH = YES;
				SDKROOT = iphoneos;
				SWIFT_OPTIMIZATION_LEVEL = "-Onone";
			};
			name = Debug;
		};
		E757C6D81D16C0950091DC85 /* Release */ = {
			isa = XCBuildConfiguration;
			buildSettings = {
				ALWAYS_SEARCH_USER_PATHS = NO;
				CLANG_ANALYZER_NONNULL = YES;
				CLANG_CXX_LANGUAGE_STANDARD = "gnu++0x";
				CLANG_CXX_LIBRARY = "libc++";
				CLANG_ENABLE_MODULES = YES;
				CLANG_ENABLE_OBJC_ARC = YES;
				CLANG_WARN_BOOL_CONVERSION = YES;
				CLANG_WARN_CONSTANT_CONVERSION = YES;
				CLANG_WARN_DIRECT_OBJC_ISA_USAGE = YES_ERROR;
				CLANG_WARN_EMPTY_BODY = YES;
				CLANG_WARN_ENUM_CONVERSION = YES;
				CLANG_WARN_INT_CONVERSION = YES;
				CLANG_WARN_OBJC_ROOT_CLASS = YES_ERROR;
				CLANG_WARN_UNREACHABLE_CODE = YES;
				CLANG_WARN__DUPLICATE_METHOD_MATCH = YES;
				"CODE_SIGN_IDENTITY[sdk=iphoneos*]" = "iPhone Developer";
				COPY_PHASE_STRIP = NO;
				DEBUG_INFORMATION_FORMAT = "dwarf-with-dsym";
				ENABLE_NS_ASSERTIONS = NO;
				ENABLE_STRICT_OBJC_MSGSEND = YES;
				GCC_C_LANGUAGE_STANDARD = gnu99;
				GCC_NO_COMMON_BLOCKS = YES;
				GCC_WARN_64_TO_32_BIT_CONVERSION = YES;
				GCC_WARN_ABOUT_RETURN_TYPE = YES_ERROR;
				GCC_WARN_UNDECLARED_SELECTOR = YES;
				GCC_WARN_UNINITIALIZED_AUTOS = YES_AGGRESSIVE;
				GCC_WARN_UNUSED_FUNCTION = YES;
				GCC_WARN_UNUSED_VARIABLE = YES;
				IPHONEOS_DEPLOYMENT_TARGET = 9.3;
				MTL_ENABLE_DEBUG_INFO = NO;
				SDKROOT = iphoneos;
				VALIDATE_PRODUCT = YES;
			};
			name = Release;
		};
		E757C6DA1D16C0950091DC85 /* Debug */ = {
			isa = XCBuildConfiguration;
			buildSettings = {
				ASSETCATALOG_COMPILER_APPICON_NAME = AppIcon;
				DEVELOPMENT_TEAM = SAR9V7VFQY;
				INFOPLIST_FILE = "Inbox-Fake/Info.plist";
				IPHONEOS_DEPLOYMENT_TARGET = 10.0;
				LD_RUNPATH_SEARCH_PATHS = "$(inherited) @executable_path/Frameworks";
				PRODUCT_BUNDLE_IDENTIFIER = "de.miralem-cebic.Inbox-Fake";
				PRODUCT_NAME = "$(TARGET_NAME)";
				SWIFT_VERSION = 4.0;
			};
			name = Debug;
		};
		E757C6DB1D16C0950091DC85 /* Release */ = {
			isa = XCBuildConfiguration;
			buildSettings = {
				ASSETCATALOG_COMPILER_APPICON_NAME = AppIcon;
				DEVELOPMENT_TEAM = SAR9V7VFQY;
				INFOPLIST_FILE = "Inbox-Fake/Info.plist";
				IPHONEOS_DEPLOYMENT_TARGET = 10.0;
				LD_RUNPATH_SEARCH_PATHS = "$(inherited) @executable_path/Frameworks";
				PRODUCT_BUNDLE_IDENTIFIER = "de.miralem-cebic.Inbox-Fake";
				PRODUCT_NAME = "$(TARGET_NAME)";
				SWIFT_VERSION = 4.0;
			};
			name = Release;
		};
/* End XCBuildConfiguration section */

/* Begin XCConfigurationList section */
		E757C6C21D16C0950091DC85 /* Build configuration list for PBXProject "Inbox-Fake" */ = {
			isa = XCConfigurationList;
			buildConfigurations = (
				E757C6D71D16C0950091DC85 /* Debug */,
				E757C6D81D16C0950091DC85 /* Release */,
			);
			defaultConfigurationIsVisible = 0;
			defaultConfigurationName = Release;
		};
		E757C6D91D16C0950091DC85 /* Build configuration list for PBXNativeTarget "Inbox-Fake" */ = {
			isa = XCConfigurationList;
			buildConfigurations = (
				E757C6DA1D16C0950091DC85 /* Debug */,
				E757C6DB1D16C0950091DC85 /* Release */,
			);
			defaultConfigurationIsVisible = 0;
			defaultConfigurationName = Release;
		};
/* End XCConfigurationList section */
	};
	rootObject = E757C6BF1D16C0950091DC85 /* Project object */;
}
